{
    "_readme": [
        "This file locks the dependencies of your project to a known state",
        "Read more about it at https://getcomposer.org/doc/01-basic-usage.md#installing-dependencies",
        "This file is @generated automatically"
    ],
    "content-hash": "dd0bfd1fdea913409443265b04ba50ae",
    "packages": [
        {
            "name": "composer/installers",
            "version": "v1.6.0",
            "source": {
                "type": "git",
                "url": "https://github.com/composer/installers.git",
                "reference": "cfcca6b1b60bc4974324efb5783c13dca6932b5b"
            },
            "dist": {
                "type": "zip",
                "url": "https://api.github.com/repos/composer/installers/zipball/cfcca6b1b60bc4974324efb5783c13dca6932b5b",
                "reference": "cfcca6b1b60bc4974324efb5783c13dca6932b5b",
                "shasum": ""
            },
            "require": {
                "composer-plugin-api": "^1.0"
            },
            "replace": {
                "roundcube/plugin-installer": "*",
                "shama/baton": "*"
            },
            "require-dev": {
                "composer/composer": "1.0.*@dev",
                "phpunit/phpunit": "^4.8.36"
            },
            "type": "composer-plugin",
            "extra": {
                "class": "Composer\\Installers\\Plugin",
                "branch-alias": {
                    "dev-master": "1.0-dev"
                }
            },
            "autoload": {
                "psr-4": {
                    "Composer\\Installers\\": "src/Composer/Installers"
                }
            },
            "notification-url": "https://packagist.org/downloads/",
            "license": [
                "MIT"
            ],
            "authors": [
                {
                    "name": "Kyle Robinson Young",
                    "email": "kyle@dontkry.com",
                    "homepage": "https://github.com/shama"
                }
            ],
            "description": "A multi-framework Composer library installer",
            "homepage": "https://composer.github.io/installers/",
            "keywords": [
                "Craft",
                "Dolibarr",
                "Eliasis",
                "Hurad",
                "ImageCMS",
                "Kanboard",
                "Lan Management System",
                "MODX Evo",
                "Mautic",
                "Maya",
                "OXID",
                "Plentymarkets",
                "Porto",
                "RadPHP",
                "SMF",
                "Thelia",
                "WolfCMS",
                "agl",
                "aimeos",
                "annotatecms",
                "attogram",
                "bitrix",
                "cakephp",
                "chef",
                "cockpit",
                "codeigniter",
                "concrete5",
                "croogo",
                "dokuwiki",
                "drupal",
                "eZ Platform",
                "elgg",
                "expressionengine",
                "fuelphp",
                "grav",
                "installer",
                "itop",
                "joomla",
                "kohana",
                "laravel",
                "lavalite",
                "lithium",
                "magento",
                "majima",
                "mako",
                "mediawiki",
                "modulework",
                "modx",
                "moodle",
                "osclass",
                "phpbb",
                "piwik",
                "ppi",
                "puppet",
                "pxcms",
                "reindex",
                "roundcube",
                "shopware",
                "silverstripe",
                "sydes",
                "symfony",
                "typo3",
                "wordpress",
                "yawik",
                "zend",
                "zikula"
            ],
            "time": "2018-08-27T06:10:37+00:00"
        }
    ],
    "packages-dev": [
        {
            "name": "wemakecustom/wp-mu-loader",
            "version": "v1.0.2",
            "source": {
                "type": "git",
                "url": "https://github.com/wemakecustom/wp-mu-loader.git",
                "reference": "36cb5b0939da619dc07392529fa0253d4017bde4"
            },
            "dist": {
                "type": "zip",
                "url": "https://api.github.com/repos/wemakecustom/wp-mu-loader/zipball/36cb5b0939da619dc07392529fa0253d4017bde4",
                "reference": "36cb5b0939da619dc07392529fa0253d4017bde4",
                "shasum": ""
            },
            "require": {
                "composer/installers": "~1.0"
            },
            "suggest": {
                "wemakecustom/wp-mu-composer": "Composer includer"
            },
            "type": "wordpress-muplugin",
            "extra": {
                "installer-name": "mu-loader"
            },
            "notification-url": "https://packagist.org/downloads/",
            "license": [
                "GPL-2.0"
            ],
            "authors": [
                {
                    "name": "WeMakeCustom",
                    "email": "info@wemakecustom.com",
                    "homepage": "http://www.wemakecustom.com"
                }
            ],
            "description": "Enables the loading of Wordpress plugins sitting in mu-plugins (as folders)",
            "keywords": [
                "plugins",
                "wordpress"
            ],
            "time": "2015-01-21T14:32:26+00:00"
        },
        {
            "name": "wpackagist-plugin/advanced-random-posts-widget",
            "version": "2.1.1",
            "source": {
                "type": "svn",
                "url": "https://plugins.svn.wordpress.org/advanced-random-posts-widget/",
                "reference": "tags/2.1.1"
            },
            "dist": {
                "type": "zip",
                "url": "https://downloads.wordpress.org/plugin/advanced-random-posts-widget.2.1.1.zip",
                "reference": null,
                "shasum": null
            },
            "require": {
                "composer/installers": "~1.0"
            },
            "type": "wordpress-plugin",
            "homepage": "https://wordpress.org/plugins/advanced-random-posts-widget/"
        },
        {
            "name": "wpackagist-plugin/recent-posts-widget-extended",
            "version": "0.9.9.7",
            "source": {
                "type": "svn",
                "url": "https://plugins.svn.wordpress.org/recent-posts-widget-extended/",
                "reference": "tags/0.9.9.7"
            },
            "dist": {
                "type": "zip",
                "url": "https://downloads.wordpress.org/plugin/recent-posts-widget-extended.0.9.9.7.zip",
                "reference": null,
                "shasum": null
            },
            "require": {
                "composer/installers": "~1.0"
            },
            "type": "wordpress-plugin",
            "homepage": "https://wordpress.org/plugins/recent-posts-widget-extended/"
        },
        {
            "name": "wpackagist-plugin/wordpress-importer",
            "version": "0.6.4",
            "source": {
                "type": "svn",
                "url": "https://plugins.svn.wordpress.org/wordpress-importer/",
                "reference": "tags/0.6.4"
            },
            "dist": {
                "type": "zip",
                "url": "https://downloads.wordpress.org/plugin/wordpress-importer.0.6.4.zip",
                "reference": null,
                "shasum": null
            },
            "require": {
                "composer/installers": "~1.0"
            },
            "type": "wordpress-plugin",
            "homepage": "https://wordpress.org/plugins/wordpress-importer/"
        },
        {
            "name": "wpackagist-plugin/wordpress-seo",
            "version": "9.7",
            "source": {
                "type": "svn",
                "url": "https://plugins.svn.wordpress.org/wordpress-seo/",
                "reference": "tags/9.7"
            },
            "dist": {
                "type": "zip",
                "url": "https://downloads.wordpress.org/plugin/wordpress-seo.9.7.zip",
                "reference": null,
                "shasum": null
            },
            "require": {
                "composer/installers": "~1.0"
            },
            "type": "wordpress-plugin",
            "homepage": "https://wordpress.org/plugins/wordpress-seo/"
        },
        {
            "name": "wptrt/theme-unit-test",
            "version": "master",
            "source": {
                "type": "git",
                "url": "https://github.com/WPTRT/theme-unit-test.git",
                "reference": "master"
            },
            "type": "library",
            "time": "2018-10-21T05:52:56+00:00"
        }
    ],
    "aliases": [],
    "minimum-stability": "stable",
    "stability-flags": {
        "wptrt/theme-unit-test": 20
    },
    "prefer-stable": false,
    "prefer-lowest": false,
    "platform": {
        "php": ">=5.3.0"
    },
    "platform-dev": []
}
